hash: 6ed1ae04c24329253b710063db2d80c353ca7da080bb61ebd1f0b33e220a51ca
updated: 2019-08-28T23:00:42.377106+02:00
imports:
- name: github.com/Azure/azure-sdk-for-go
  version: 7a4bf9c092dec78d5d2e5615b2b1980cd9445e4b
  subpackages:
  - profiles/latest/resources/mgmt/subscriptions
  - services/keyvault/2016-10-01/keyvault
  - services/keyvault/mgmt/2016-10-01/keyvault
  - services/resources/mgmt/2018-06-01/subscriptions
  - version
- name: github.com/Azure/go-autorest
  version: 403aff94c3536f190b71fde971cb66963202f6d3
  subpackages:
  - autorest
  - autorest/adal
  - autorest/azure
  - autorest/azure/auth
  - autorest/azure/cli
  - autorest/date
  - autorest/to
  - autorest/validation
  - logger
  - tracing
- name: github.com/beorn7/perks
  version: 234731a4f01687625231ac651d6b2776e3f3142e
  subpackages:
  - quantile
- name: github.com/dgrijalva/jwt-go
  version: 01aeca54ebda6e0fbfafd0a524d234159c05ec20
- name: github.com/dimchansky/utfbom
  version: d2133a1ce379ef6fa992b0514a77146c60db9d1c
- name: github.com/golang/protobuf
  version: b285ee9cfc6c881bb20c0d8dc73370ea9b9ec90f
  subpackages:
  - proto
- name: github.com/google/logger
  version: 03bdf7bcb2c4d98c8fdbf62f1473fb1303ca1c1d
- name: github.com/jessevdk/go-flags
  version: c0795c8afcf41dd1d786bebce68636c199b3bb45
- name: github.com/matttproud/golang_protobuf_extensions
  version: c182affec369e30f25d3eb8cd8a478dee585ae7d
  subpackages:
  - pbutil
- name: github.com/mitchellh/go-homedir
  version: af06845cf3004701891bf4fdb884bfe4920b3727
- name: github.com/prometheus/client_golang
  version: 35ef65db672a76effef5f0808decd0484a636f3f
  subpackages:
  - prometheus
  - prometheus/internal
  - prometheus/promhttp
- name: github.com/prometheus/client_model
  version: fd36f4220a901265f90734c3183c5f0c91daa0b8
  subpackages:
  - go
- name: github.com/prometheus/common
  version: 6125cc8d9fa0ecb5e6acad546bc61e4f093c19b1
  subpackages:
  - expfmt
  - internal/bitbucket.org/ww/goautoneg
  - model
- name: github.com/prometheus/procfs
  version: 1de2bc567d78f4ff415fd103412f7e5ec9e8876b
  subpackages:
  - internal/fs
- name: github.com/satori/go.uuid
  version: b2ce2384e17bbe0c6d34077efa39dbab3e09123b
- name: golang.org/x/crypto
  version: e84da0312774c21d64ee2317962ef669b27ffb41
  subpackages:
  - pkcs12
  - pkcs12/internal/rc2
- name: golang.org/x/sys
  version: 7fc4e5ec1444df20dd195ae7c3bbfcd7114d3faa
  subpackages:
  - windows
  - windows/registry
  - windows/svc/eventlog
testImports: []
